// !$*UTF8*$!
{
	archiveVersion = 1;
	classes = {
	};
	objectVersion = 45;
	objects = {

/* Begin PBXBuildFile section */
		1D3623260D0F684500981E51 /* TournamentSchedulerAppDelegate.m in Sources */ = {isa = PBXBuildFile; fileRef = 1D3623250D0F684500981E51 /* TournamentSchedulerAppDelegate.m */; };
		1D60589B0D05DD56006BFB54 /* main.m in Sources */ = {isa = PBXBuildFile; fileRef = 29B97316FDCFA39411CA2CEA /* main.m */; };
		1D60589F0D05DD5A006BFB54 /* Foundation.framework in Frameworks */ = {isa = PBXBuildFile; fileRef = 1D30AB110D05D00D00671497 /* Foundation.framework */; };
		1DF5F4E00D08C38300B7A737 /* UIKit.framework in Frameworks */ = {isa = PBXBuildFile; fileRef = 1DF5F4DF0D08C38300B7A737 /* UIKit.framework */; };
		28216C970DB411BC00E5133A /* HomeViewController.m in Sources */ = {isa = PBXBuildFile; fileRef = 28216C960DB411BC00E5133A /* HomeViewController.m */; };
		282CCBFE0DB6C98000C4EA27 /* TeamsView.xib in Resources */ = {isa = PBXBuildFile; fileRef = 282CCBFD0DB6C98000C4EA27 /* TeamsView.xib */; };
		2840D7CE1179279E00D7F93C /* HomeView.xib in Resources */ = {isa = PBXBuildFile; fileRef = 2840D7CD1179279E00D7F93C /* HomeView.xib */; };
		288765080DF74369002DB57D /* CoreGraphics.framework in Frameworks */ = {isa = PBXBuildFile; fileRef = 288765070DF74369002DB57D /* CoreGraphics.framework */; };
		28AD73880D9D96C1002E5188 /* MainWindow.xib in Resources */ = {isa = PBXBuildFile; fileRef = 28AD73870D9D96C1002E5188 /* MainWindow.xib */; };
		BE15C0A613366F7100B2170C /* StandingsDivisionViewController.m in Sources */ = {isa = PBXBuildFile; fileRef = BE15C0A413366F7100B2170C /* StandingsDivisionViewController.m */; };
		BE15C0A713366F7100B2170C /* StandingsDivisionView.xib in Resources */ = {isa = PBXBuildFile; fileRef = BE15C0A513366F7100B2170C /* StandingsDivisionView.xib */; };
		BE18EF80134A4D1000BFB985 /* Games.m in Sources */ = {isa = PBXBuildFile; fileRef = BE18EF7F134A4D1000BFB985 /* Games.m */; };
		BE18EF94134A517300BFB985 /* Fields.m in Sources */ = {isa = PBXBuildFile; fileRef = BE18EF93134A517300BFB985 /* Fields.m */; };
		BE1B711D1338170E006F64A1 /* StandingsTableView.xib in Resources */ = {isa = PBXBuildFile; fileRef = BE1B711C1338170E006F64A1 /* StandingsTableView.xib */; };
		BE3EA73D13479ADF0075A2E5 /* masc-logo.png in Resources */ = {isa = PBXBuildFile; fileRef = BE3EA73C13479ADF0075A2E5 /* masc-logo.png */; };
		BE49DD7813463F15009CDA15 /* teams3.png in Resources */ = {isa = PBXBuildFile; fileRef = BE49DD7513463F15009CDA15 /* teams3.png */; };
		BE49DD7913463F15009CDA15 /* teams2.png in Resources */ = {isa = PBXBuildFile; fileRef = BE49DD7613463F15009CDA15 /* teams2.png */; };
		BE49DD7A13463F15009CDA15 /* teams1.png in Resources */ = {isa = PBXBuildFile; fileRef = BE49DD7713463F15009CDA15 /* teams1.png */; };
		BE49DD7E13463F45009CDA15 /* games1.png in Resources */ = {isa = PBXBuildFile; fileRef = BE49DD7B13463F45009CDA15 /* games1.png */; };
		BE49DD7F13463F45009CDA15 /* games2.png in Resources */ = {isa = PBXBuildFile; fileRef = BE49DD7C13463F45009CDA15 /* games2.png */; };
		BE49DD8013463F45009CDA15 /* games3.png in Resources */ = {isa = PBXBuildFile; fileRef = BE49DD7D13463F45009CDA15 /* games3.png */; };
		BE49DD8713463F4B009CDA15 /* fields2.png in Resources */ = {isa = PBXBuildFile; fileRef = BE49DD8113463F4B009CDA15 /* fields2.png */; };
		BE49DD8813463F4B009CDA15 /* fields4.png in Resources */ = {isa = PBXBuildFile; fileRef = BE49DD8213463F4B009CDA15 /* fields4.png */; };
		BE49DD8913463F4B009CDA15 /* fields1.png in Resources */ = {isa = PBXBuildFile; fileRef = BE49DD8313463F4B009CDA15 /* fields1.png */; };
		BE49DD8A13463F4B009CDA15 /* fields3.png in Resources */ = {isa = PBXBuildFile; fileRef = BE49DD8413463F4B009CDA15 /* fields3.png */; };
		BE49DD8B13463F4B009CDA15 /* fields5.png in Resources */ = {isa = PBXBuildFile; fileRef = BE49DD8513463F4B009CDA15 /* fields5.png */; };
		BE49DD8C13463F4B009CDA15 /* fields6.png in Resources */ = {isa = PBXBuildFile; fileRef = BE49DD8613463F4B009CDA15 /* fields6.png */; };
		BE49DD8F13463F51009CDA15 /* flag1.png in Resources */ = {isa = PBXBuildFile; fileRef = BE49DD8D13463F51009CDA15 /* flag1.png */; };
		BE49DD9013463F51009CDA15 /* flag2.png in Resources */ = {isa = PBXBuildFile; fileRef = BE49DD8E13463F51009CDA15 /* flag2.png */; };
		BE49DD9413463F57009CDA15 /* standings1.png in Resources */ = {isa = PBXBuildFile; fileRef = BE49DD9113463F57009CDA15 /* standings1.png */; };
		BE49DD9513463F57009CDA15 /* stadings2.png in Resources */ = {isa = PBXBuildFile; fileRef = BE49DD9213463F57009CDA15 /* stadings2.png */; };
		BE49DD9613463F57009CDA15 /* standings3.png in Resources */ = {isa = PBXBuildFile; fileRef = BE49DD9313463F57009CDA15 /* standings3.png */; };
		BE49DD9813464050009CDA15 /* home.png in Resources */ = {isa = PBXBuildFile; fileRef = BE49DD9713464050009CDA15 /* home.png */; };
		BE49DD9A13464108009CDA15 /* standings4.png in Resources */ = {isa = PBXBuildFile; fileRef = BE49DD9913464108009CDA15 /* standings4.png */; };
		BE4D64C1134E0117003FCA60 /* GamesHomeName.m in Sources */ = {isa = PBXBuildFile; fileRef = BE4D64C0134E0117003FCA60 /* GamesHomeName.m */; };
		BE6071AB134A85A20037AC10 /* TeamsSpecificViewController.m in Sources */ = {isa = PBXBuildFile; fileRef = BE6071A9134A85A20037AC10 /* TeamsSpecificViewController.m */; };
		BE6071AC134A85A20037AC10 /* TeamsSpecificView.xib in Resources */ = {isa = PBXBuildFile; fileRef = BE6071AA134A85A20037AC10 /* TeamsSpecificView.xib */; };
		BE607287134AA8410037AC10 /* TeamsSpecific.m in Sources */ = {isa = PBXBuildFile; fileRef = BE607286134AA8410037AC10 /* TeamsSpecific.m */; };
		BE64D492134667BE009C9073 /* MASC.png in Resources */ = {isa = PBXBuildFile; fileRef = BE64D491134667BE009C9073 /* MASC.png */; };
		BE64D497134668C5009C9073 /* MASC3.png in Resources */ = {isa = PBXBuildFile; fileRef = BE64D495134668C5009C9073 /* MASC3.png */; };
		BE64D498134668C5009C9073 /* MASC2.png in Resources */ = {isa = PBXBuildFile; fileRef = BE64D496134668C5009C9073 /* MASC2.png */; };
		BE64D49D13466B4D009C9073 /* masc4.png in Resources */ = {isa = PBXBuildFile; fileRef = BE64D49B13466B4D009C9073 /* masc4.png */; };
		BE64D49E13466B4D009C9073 /* masc5.png in Resources */ = {isa = PBXBuildFile; fileRef = BE64D49C13466B4D009C9073 /* masc5.png */; };
		BE676E56134BFBDE00FBA68A /* GamesDivisionViewController.m in Sources */ = {isa = PBXBuildFile; fileRef = BE676E54134BFBDE00FBA68A /* GamesDivisionViewController.m */; };
		BE676E57134BFBDE00FBA68A /* GamesDivisionView.xib in Resources */ = {isa = PBXBuildFile; fileRef = BE676E55134BFBDE00FBA68A /* GamesDivisionView.xib */; };
		BE676E89134BFE7000FBA68A /* GamesDivisions.m in Sources */ = {isa = PBXBuildFile; fileRef = BE676E88134BFE7000FBA68A /* GamesDivisions.m */; };
		BE81C8531349778200CF8784 /* Teams.m in Sources */ = {isa = PBXBuildFile; fileRef = BE81C8521349778200CF8784 /* Teams.m */; };
		BE81C89213497BC400CF8784 /* TeamsDivisionViewController.m in Sources */ = {isa = PBXBuildFile; fileRef = BE81C89013497BC400CF8784 /* TeamsDivisionViewController.m */; };
		BE81C89313497BC400CF8784 /* TeamsDivisionView.xib in Resources */ = {isa = PBXBuildFile; fileRef = BE81C89113497BC400CF8784 /* TeamsDivisionView.xib */; };
		BE81C8C713497F6100CF8784 /* TeamsDivision.m in Sources */ = {isa = PBXBuildFile; fileRef = BE81C8C613497F6100CF8784 /* TeamsDivision.m */; };
		BE906B191337DA3700523831 /* StandingsDivision.m in Sources */ = {isa = PBXBuildFile; fileRef = BE906B181337DA3700523831 /* StandingsDivision.m */; };
		BEABD06E1335A5C60009CA1F /* TeamsViewController.m in Sources */ = {isa = PBXBuildFile; fileRef = BEABD06D1335A5C60009CA1F /* TeamsViewController.m */; };
		BEABD0771335A73C0009CA1F /* StandingsViewController.m in Sources */ = {isa = PBXBuildFile; fileRef = BEABD0751335A73C0009CA1F /* StandingsViewController.m */; };
		BEABD0781335A73C0009CA1F /* StandingsView.xib in Resources */ = {isa = PBXBuildFile; fileRef = BEABD0761335A73C0009CA1F /* StandingsView.xib */; };
		BEABD0E41335B2F10009CA1F /* NSObject+SBJSON.m in Sources */ = {isa = PBXBuildFile; fileRef = BEABD0DB1335B2F10009CA1F /* NSObject+SBJSON.m */; };
		BEABD0E51335B2F10009CA1F /* NSString+SBJSON.m in Sources */ = {isa = PBXBuildFile; fileRef = BEABD0DD1335B2F10009CA1F /* NSString+SBJSON.m */; };
		BEABD0E61335B2F10009CA1F /* SBJsonBase.m in Sources */ = {isa = PBXBuildFile; fileRef = BEABD0DF1335B2F10009CA1F /* SBJsonBase.m */; };
		BEABD0E71335B2F10009CA1F /* SBJsonParser.m in Sources */ = {isa = PBXBuildFile; fileRef = BEABD0E11335B2F10009CA1F /* SBJsonParser.m */; };
		BEABD0E81335B2F10009CA1F /* SBJsonWriter.m in Sources */ = {isa = PBXBuildFile; fileRef = BEABD0E31335B2F10009CA1F /* SBJsonWriter.m */; };
		BEABD0EB1335B3880009CA1F /* Standings.m in Sources */ = {isa = PBXBuildFile; fileRef = BEABD0EA1335B3880009CA1F /* Standings.m */; };
		BEBE147913468CF900258DFE /* GamesViewController.m in Sources */ = {isa = PBXBuildFile; fileRef = BEBE147713468CF900258DFE /* GamesViewController.m */; };
		BEBE147A13468CF900258DFE /* GamesView.xib in Resources */ = {isa = PBXBuildFile; fileRef = BEBE147813468CF900258DFE /* GamesView.xib */; };
		BEBE148C13468E1700258DFE /* FieldsViewController.m in Sources */ = {isa = PBXBuildFile; fileRef = BEBE148A13468E1700258DFE /* FieldsViewController.m */; };
		BEBE148D13468E1700258DFE /* FieldsView.xib in Resources */ = {isa = PBXBuildFile; fileRef = BEBE148B13468E1700258DFE /* FieldsView.xib */; };
		BEBE149A1346900400258DFE /* AboutViewController.m in Sources */ = {isa = PBXBuildFile; fileRef = BEBE14981346900400258DFE /* AboutViewController.m */; };
		BEBE149B1346900400258DFE /* AboutView.xib in Resources */ = {isa = PBXBuildFile; fileRef = BEBE14991346900400258DFE /* AboutView.xib */; };
		BEC8790B134EA91B005B5EB7 /* GamesAwayName.m in Sources */ = {isa = PBXBuildFile; fileRef = BEC8790A134EA91B005B5EB7 /* GamesAwayName.m */; };
		BEDDC8F21347E15000B00EA3 /* AboutRulesViewController.m in Sources */ = {isa = PBXBuildFile; fileRef = BEDDC8F01347E15000B00EA3 /* AboutRulesViewController.m */; };
		BEDDC8F31347E15000B00EA3 /* AboutRulesView.xib in Resources */ = {isa = PBXBuildFile; fileRef = BEDDC8F11347E15000B00EA3 /* AboutRulesView.xib */; };
		BEDDC9891347EC5B00B00EA3 /* AboutContactViewController.m in Sources */ = {isa = PBXBuildFile; fileRef = BEDDC9871347EC5B00B00EA3 /* AboutContactViewController.m */; };
		BEDDC98A1347EC5B00B00EA3 /* AboutContactView.xib in Resources */ = {isa = PBXBuildFile; fileRef = BEDDC9881347EC5B00B00EA3 /* AboutContactView.xib */; };
		BEDDCBE01348275E00B00EA3 /* brianDudley.png in Resources */ = {isa = PBXBuildFile; fileRef = BEDDCBDC1348275E00B00EA3 /* brianDudley.png */; };
		BEDDCBE11348275E00B00EA3 /* robertThomas.png in Resources */ = {isa = PBXBuildFile; fileRef = BEDDCBDD1348275E00B00EA3 /* robertThomas.png */; };
		BEDDCBE21348275E00B00EA3 /* philDudley.png in Resources */ = {isa = PBXBuildFile; fileRef = BEDDCBDE1348275E00B00EA3 /* philDudley.png */; };
		BEDDCBE31348275E00B00EA3 /* karenDudley.png in Resources */ = {isa = PBXBuildFile; fileRef = BEDDCBDF1348275E00B00EA3 /* karenDudley.png */; };
		BEE866F21349AFCD0019B0C7 /* OverlayViewController.m in Sources */ = {isa = PBXBuildFile; fileRef = BEE866F01349AFCD0019B0C7 /* OverlayViewController.m */; };
		BEE866F31349AFCD0019B0C7 /* OverlayView.xib in Resources */ = {isa = PBXBuildFile; fileRef = BEE866F11349AFCD0019B0C7 /* OverlayView.xib */; };
		BEEC23921348D808001669CC /* AboutContactDetailViewController.m in Sources */ = {isa = PBXBuildFile; fileRef = BEEC23901348D808001669CC /* AboutContactDetailViewController.m */; };
		BEEC23931348D808001669CC /* AboutContactDetailView.xib in Resources */ = {isa = PBXBuildFile; fileRef = BEEC23911348D808001669CC /* AboutContactDetailView.xib */; };
		BEEC240F1348DE94001669CC /* karenDudleyLarge.png in Resources */ = {isa = PBXBuildFile; fileRef = BEEC240B1348DE94001669CC /* karenDudleyLarge.png */; };
		BEEC24101348DE94001669CC /* robertThomasLarge.png in Resources */ = {isa = PBXBuildFile; fileRef = BEEC240C1348DE94001669CC /* robertThomasLarge.png */; };
		BEEC24111348DE94001669CC /* brianDudleyLarge.png in Resources */ = {isa = PBXBuildFile; fileRef = BEEC240D1348DE94001669CC /* brianDudleyLarge.png */; };
		BEEC24121348DE94001669CC /* philDudleyLarge.png in Resources */ = {isa = PBXBuildFile; fileRef = BEEC240E1348DE94001669CC /* philDudleyLarge.png */; };
/* End PBXBuildFile section */

/* Begin PBXFileReference section */
		1D30AB110D05D00D00671497 /* Foundation.framework */ = {isa = PBXFileReference; lastKnownFileType = wrapper.framework; name = Foundation.framework; path = System/Library/Frameworks/Foundation.framework; sourceTree = SDKROOT; };
		1D3623240D0F684500981E51 /* TournamentSchedulerAppDelegate.h */ = {isa = PBXFileReference; fileEncoding = 4; lastKnownFileType = sourcecode.c.h; path = TournamentSchedulerAppDelegate.h; sourceTree = "<group>"; };
		1D3623250D0F684500981E51 /* TournamentSchedulerAppDelegate.m */ = {isa = PBXFileReference; fileEncoding = 4; lastKnownFileType = sourcecode.c.objc; path = TournamentSchedulerAppDelegate.m; sourceTree = "<group>"; };
		1D6058910D05DD3D006BFB54 /* TournamentScheduler.app */ = {isa = PBXFileReference; explicitFileType = wrapper.application; includeInIndex = 0; path = TournamentScheduler.app; sourceTree = BUILT_PRODUCTS_DIR; };
		1DF5F4DF0D08C38300B7A737 /* UIKit.framework */ = {isa = PBXFileReference; lastKnownFileType = wrapper.framework; name = UIKit.framework; path = System/Library/Frameworks/UIKit.framework; sourceTree = SDKROOT; };
		28216C950DB411BC00E5133A /* HomeViewController.h */ = {isa = PBXFileReference; fileEncoding = 4; lastKnownFileType = sourcecode.c.h; path = HomeViewController.h; sourceTree = "<group>"; };
		28216C960DB411BC00E5133A /* HomeViewController.m */ = {isa = PBXFileReference; fileEncoding = 4; lastKnownFileType = sourcecode.c.objc; path = HomeViewController.m; sourceTree = "<group>"; };
		282CCBFD0DB6C98000C4EA27 /* TeamsView.xib */ = {isa = PBXFileReference; lastKnownFileType = file.xib; path = TeamsView.xib; sourceTree = "<group>"; };
		2840D7CD1179279E00D7F93C /* HomeView.xib */ = {isa = PBXFileReference; lastKnownFileType = file.xib; path = HomeView.xib; sourceTree = "<group>"; };
		288765070DF74369002DB57D /* CoreGraphics.framework */ = {isa = PBXFileReference; lastKnownFileType = wrapper.framework; name = CoreGraphics.framework; path = System/Library/Frameworks/CoreGraphics.framework; sourceTree = SDKROOT; };
		28A0AB4B0D9B1048005BE974 /* TournamentScheduler_Prefix.pch */ = {isa = PBXFileReference; fileEncoding = 4; lastKnownFileType = sourcecode.c.h; path = TournamentScheduler_Prefix.pch; sourceTree = "<group>"; };
		28AD73870D9D96C1002E5188 /* MainWindow.xib */ = {isa = PBXFileReference; lastKnownFileType = file.xib; path = MainWindow.xib; sourceTree = "<group>"; };
		29B97316FDCFA39411CA2CEA /* main.m */ = {isa = PBXFileReference; fileEncoding = 4; lastKnownFileType = sourcecode.c.objc; path = main.m; sourceTree = "<group>"; };
		8D1107310486CEB800E47090 /* TournamentScheduler-Info.plist */ = {isa = PBXFileReference; fileEncoding = 4; lastKnownFileType = text.plist.xml; path = "TournamentScheduler-Info.plist"; plistStructureDefinitionIdentifier = "com.apple.xcode.plist.structure-definition.iphone.info-plist"; sourceTree = "<group>"; };
		BE15C0A313366F7100B2170C /* StandingsDivisionViewController.h */ = {isa = PBXFileReference; fileEncoding = 4; lastKnownFileType = sourcecode.c.h; path = StandingsDivisionViewController.h; sourceTree = "<group>"; };
		BE15C0A413366F7100B2170C /* StandingsDivisionViewController.m */ = {isa = PBXFileReference; fileEncoding = 4; lastKnownFileType = sourcecode.c.objc; path = StandingsDivisionViewController.m; sourceTree = "<group>"; };
		BE15C0A513366F7100B2170C /* StandingsDivisionView.xib */ = {isa = PBXFileReference; lastKnownFileType = file.xib; name = StandingsDivisionView.xib; path = Classes/StandingsDivisionView.xib; sourceTree = "<group>"; };
		BE18EF7E134A4D1000BFB985 /* Games.h */ = {isa = PBXFileReference; fileEncoding = 4; lastKnownFileType = sourcecode.c.h; path = Games.h; sourceTree = "<group>"; };
		BE18EF7F134A4D1000BFB985 /* Games.m */ = {isa = PBXFileReference; fileEncoding = 4; lastKnownFileType = sourcecode.c.objc; path = Games.m; sourceTree = "<group>"; };
		BE18EF92134A517300BFB985 /* Fields.h */ = {isa = PBXFileReference; fileEncoding = 4; lastKnownFileType = sourcecode.c.h; path = Fields.h; sourceTree = "<group>"; };
		BE18EF93134A517300BFB985 /* Fields.m */ = {isa = PBXFileReference; fileEncoding = 4; lastKnownFileType = sourcecode.c.objc; path = Fields.m; sourceTree = "<group>"; };
		BE1B711C1338170E006F64A1 /* StandingsTableView.xib */ = {isa = PBXFileReference; lastKnownFileType = file.xib; path = StandingsTableView.xib; sourceTree = "<group>"; };
		BE3EA73C13479ADF0075A2E5 /* masc-logo.png */ = {isa = PBXFileReference; lastKnownFileType = image.png; path = "masc-logo.png"; sourceTree = "<group>"; };
		BE49DD7513463F15009CDA15 /* teams3.png */ = {isa = PBXFileReference; lastKnownFileType = image.png; path = teams3.png; sourceTree = "<group>"; };
		BE49DD7613463F15009CDA15 /* teams2.png */ = {isa = PBXFileReference; lastKnownFileType = image.png; path = teams2.png; sourceTree = "<group>"; };
		BE49DD7713463F15009CDA15 /* teams1.png */ = {isa = PBXFileReference; lastKnownFileType = image.png; path = teams1.png; sourceTree = "<group>"; };
		BE49DD7B13463F45009CDA15 /* games1.png */ = {isa = PBXFileReference; lastKnownFileType = image.png; path = games1.png; sourceTree = "<group>"; };
		BE49DD7C13463F45009CDA15 /* games2.png */ = {isa = PBXFileReference; lastKnownFileType = image.png; path = games2.png; sourceTree = "<group>"; };
		BE49DD7D13463F45009CDA15 /* games3.png */ = {isa = PBXFileReference; lastKnownFileType = image.png; path = games3.png; sourceTree = "<group>"; };
		BE49DD8113463F4B009CDA15 /* fields2.png */ = {isa = PBXFileReference; lastKnownFileType = image.png; path = fields2.png; sourceTree = "<group>"; };
		BE49DD8213463F4B009CDA15 /* fields4.png */ = {isa = PBXFileReference; lastKnownFileType = image.png; path = fields4.png; sourceTree = "<group>"; };
		BE49DD8313463F4B009CDA15 /* fields1.png */ = {isa = PBXFileReference; lastKnownFileType = image.png; path = fields1.png; sourceTree = "<group>"; };
		BE49DD8413463F4B009CDA15 /* fields3.png */ = {isa = PBXFileReference; lastKnownFileType = image.png; path = fields3.png; sourceTree = "<group>"; };
		BE49DD8513463F4B009CDA15 /* fields5.png */ = {isa = PBXFileReference; lastKnownFileType = image.png; path = fields5.png; sourceTree = "<group>"; };
		BE49DD8613463F4B009CDA15 /* fields6.png */ = {isa = PBXFileReference; lastKnownFileType = image.png; path = fields6.png; sourceTree = "<group>"; };
		BE49DD8D13463F51009CDA15 /* flag1.png */ = {isa = PBXFileReference; lastKnownFileType = image.png; path = flag1.png; sourceTree = "<group>"; };
		BE49DD8E13463F51009CDA15 /* flag2.png */ = {isa = PBXFileReference; lastKnownFileType = image.png; path = flag2.png; sourceTree = "<group>"; };
		BE49DD9113463F57009CDA15 /* standings1.png */ = {isa = PBXFileReference; lastKnownFileType = image.png; path = standings1.png; sourceTree = "<group>"; };
		BE49DD9213463F57009CDA15 /* stadings2.png */ = {isa = PBXFileReference; lastKnownFileType = image.png; path = stadings2.png; sourceTree = "<group>"; };
		BE49DD9313463F57009CDA15 /* standings3.png */ = {isa = PBXFileReference; lastKnownFileType = image.png; path = standings3.png; sourceTree = "<group>"; };
		BE49DD9713464050009CDA15 /* home.png */ = {isa = PBXFileReference; lastKnownFileType = image.png; path = home.png; sourceTree = "<group>"; };
		BE49DD9913464108009CDA15 /* standings4.png */ = {isa = PBXFileReference; lastKnownFileType = image.png; path = standings4.png; sourceTree = "<group>"; };
		BE4D64BF134E0117003FCA60 /* GamesHomeName.h */ = {isa = PBXFileReference; fileEncoding = 4; lastKnownFileType = sourcecode.c.h; path = GamesHomeName.h; sourceTree = "<group>"; };
		BE4D64C0134E0117003FCA60 /* GamesHomeName.m */ = {isa = PBXFileReference; fileEncoding = 4; lastKnownFileType = sourcecode.c.objc; path = GamesHomeName.m; sourceTree = "<group>"; };
		BE6071A8134A85A20037AC10 /* TeamsSpecificViewController.h */ = {isa = PBXFileReference; fileEncoding = 4; lastKnownFileType = sourcecode.c.h; path = TeamsSpecificViewController.h; sourceTree = "<group>"; };
		BE6071A9134A85A20037AC10 /* TeamsSpecificViewController.m */ = {isa = PBXFileReference; fileEncoding = 4; lastKnownFileType = sourcecode.c.objc; path = TeamsSpecificViewController.m; sourceTree = "<group>"; };
		BE6071AA134A85A20037AC10 /* TeamsSpecificView.xib */ = {isa = PBXFileReference; lastKnownFileType = file.xib; name = TeamsSpecificView.xib; path = Classes/TeamsSpecificView.xib; sourceTree = "<group>"; };
		BE607285134AA8410037AC10 /* TeamsSpecific.h */ = {isa = PBXFileReference; fileEncoding = 4; lastKnownFileType = sourcecode.c.h; path = TeamsSpecific.h; sourceTree = "<group>"; };
		BE607286134AA8410037AC10 /* TeamsSpecific.m */ = {isa = PBXFileReference; fileEncoding = 4; lastKnownFileType = sourcecode.c.objc; path = TeamsSpecific.m; sourceTree = "<group>"; };
		BE64D491134667BE009C9073 /* MASC.png */ = {isa = PBXFileReference; lastKnownFileType = image.png; path = MASC.png; sourceTree = "<group>"; };
		BE64D495134668C5009C9073 /* MASC3.png */ = {isa = PBXFileReference; lastKnownFileType = image.png; path = MASC3.png; sourceTree = "<group>"; };
		BE64D496134668C5009C9073 /* MASC2.png */ = {isa = PBXFileReference; lastKnownFileType = image.png; path = MASC2.png; sourceTree = "<group>"; };
		BE64D49B13466B4D009C9073 /* masc4.png */ = {isa = PBXFileReference; lastKnownFileType = image.png; path = masc4.png; sourceTree = "<group>"; };
		BE64D49C13466B4D009C9073 /* masc5.png */ = {isa = PBXFileReference; lastKnownFileType = image.png; path = masc5.png; sourceTree = "<group>"; };
		BE676E53134BFBDE00FBA68A /* GamesDivisionViewController.h */ = {isa = PBXFileReference; fileEncoding = 4; lastKnownFileType = sourcecode.c.h; path = GamesDivisionViewController.h; sourceTree = "<group>"; };
		BE676E54134BFBDE00FBA68A /* GamesDivisionViewController.m */ = {isa = PBXFileReference; fileEncoding = 4; lastKnownFileType = sourcecode.c.objc; path = GamesDivisionViewController.m; sourceTree = "<group>"; };
		BE676E55134BFBDE00FBA68A /* GamesDivisionView.xib */ = {isa = PBXFileReference; lastKnownFileType = file.xib; name = GamesDivisionView.xib; path = Classes/GamesDivisionView.xib; sourceTree = "<group>"; };
		BE676E87134BFE7000FBA68A /* GamesDivisions.h */ = {isa = PBXFileReference; fileEncoding = 4; lastKnownFileType = sourcecode.c.h; path = GamesDivisions.h; sourceTree = "<group>"; };
		BE676E88134BFE7000FBA68A /* GamesDivisions.m */ = {isa = PBXFileReference; fileEncoding = 4; lastKnownFileType = sourcecode.c.objc; path = GamesDivisions.m; sourceTree = "<group>"; };
		BE81C8511349778200CF8784 /* Teams.h */ = {isa = PBXFileReference; fileEncoding = 4; lastKnownFileType = sourcecode.c.h; path = Teams.h; sourceTree = "<group>"; };
		BE81C8521349778200CF8784 /* Teams.m */ = {isa = PBXFileReference; fileEncoding = 4; lastKnownFileType = sourcecode.c.objc; path = Teams.m; sourceTree = "<group>"; };
		BE81C88F13497BC400CF8784 /* TeamsDivisionViewController.h */ = {isa = PBXFileReference; fileEncoding = 4; lastKnownFileType = sourcecode.c.h; path = TeamsDivisionViewController.h; sourceTree = "<group>"; };
		BE81C89013497BC400CF8784 /* TeamsDivisionViewController.m */ = {isa = PBXFileReference; fileEncoding = 4; lastKnownFileType = sourcecode.c.objc; path = TeamsDivisionViewController.m; sourceTree = "<group>"; };
		BE81C89113497BC400CF8784 /* TeamsDivisionView.xib */ = {isa = PBXFileReference; lastKnownFileType = file.xib; name = TeamsDivisionView.xib; path = Classes/TeamsDivisionView.xib; sourceTree = "<group>"; };
		BE81C8C513497F6100CF8784 /* TeamsDivision.h */ = {isa = PBXFileReference; fileEncoding = 4; lastKnownFileType = sourcecode.c.h; path = TeamsDivision.h; sourceTree = "<group>"; };
		BE81C8C613497F6100CF8784 /* TeamsDivision.m */ = {isa = PBXFileReference; fileEncoding = 4; lastKnownFileType = sourcecode.c.objc; path = TeamsDivision.m; sourceTree = "<group>"; };
		BE906B171337DA3700523831 /* StandingsDivision.h */ = {isa = PBXFileReference; fileEncoding = 4; lastKnownFileType = sourcecode.c.h; path = StandingsDivision.h; sourceTree = "<group>"; };
		BE906B181337DA3700523831 /* StandingsDivision.m */ = {isa = PBXFileReference; fileEncoding = 4; lastKnownFileType = sourcecode.c.objc; path = StandingsDivision.m; sourceTree = "<group>"; };
		BEABD06C1335A5C60009CA1F /* TeamsViewController.h */ = {isa = PBXFileReference; fileEncoding = 4; lastKnownFileType = sourcecode.c.h; path = TeamsViewController.h; sourceTree = "<group>"; };
		BEABD06D1335A5C60009CA1F /* TeamsViewController.m */ = {isa = PBXFileReference; fileEncoding = 4; lastKnownFileType = sourcecode.c.objc; path = TeamsViewController.m; sourceTree = "<group>"; };
		BEABD0741335A73C0009CA1F /* StandingsViewController.h */ = {isa = PBXFileReference; fileEncoding = 4; lastKnownFileType = sourcecode.c.h; name = StandingsViewController.h; path = ../StandingsViewController.h; sourceTree = "<group>"; };
		BEABD0751335A73C0009CA1F /* StandingsViewController.m */ = {isa = PBXFileReference; fileEncoding = 4; lastKnownFileType = sourcecode.c.objc; name = StandingsViewController.m; path = ../StandingsViewController.m; sourceTree = "<group>"; };
		BEABD0761335A73C0009CA1F /* StandingsView.xib */ = {isa = PBXFileReference; lastKnownFileType = file.xib; path = StandingsView.xib; sourceTree = "<group>"; };
		BEABD0D91335B2F10009CA1F /* JSON.h */ = {isa = PBXFileReference; fileEncoding = 4; lastKnownFileType = sourcecode.c.h; path = JSON.h; sourceTree = "<group>"; };
		BEABD0DA1335B2F10009CA1F /* NSObject+SBJSON.h */ = {isa = PBXFileReference; fileEncoding = 4; lastKnownFileType = sourcecode.c.h; path = "NSObject+SBJSON.h"; sourceTree = "<group>"; };
		BEABD0DB1335B2F10009CA1F /* NSObject+SBJSON.m */ = {isa = PBXFileReference; fileEncoding = 4; lastKnownFileType = sourcecode.c.objc; path = "NSObject+SBJSON.m"; sourceTree = "<group>"; };
		BEABD0DC1335B2F10009CA1F /* NSString+SBJSON.h */ = {isa = PBXFileReference; fileEncoding = 4; lastKnownFileType = sourcecode.c.h; path = "NSString+SBJSON.h"; sourceTree = "<group>"; };
		BEABD0DD1335B2F10009CA1F /* NSString+SBJSON.m */ = {isa = PBXFileReference; fileEncoding = 4; lastKnownFileType = sourcecode.c.objc; path = "NSString+SBJSON.m"; sourceTree = "<group>"; };
		BEABD0DE1335B2F10009CA1F /* SBJsonBase.h */ = {isa = PBXFileReference; fileEncoding = 4; lastKnownFileType = sourcecode.c.h; path = SBJsonBase.h; sourceTree = "<group>"; };
		BEABD0DF1335B2F10009CA1F /* SBJsonBase.m */ = {isa = PBXFileReference; fileEncoding = 4; lastKnownFileType = sourcecode.c.objc; path = SBJsonBase.m; sourceTree = "<group>"; };
		BEABD0E01335B2F10009CA1F /* SBJsonParser.h */ = {isa = PBXFileReference; fileEncoding = 4; lastKnownFileType = sourcecode.c.h; path = SBJsonParser.h; sourceTree = "<group>"; };
		BEABD0E11335B2F10009CA1F /* SBJsonParser.m */ = {isa = PBXFileReference; fileEncoding = 4; lastKnownFileType = sourcecode.c.objc; path = SBJsonParser.m; sourceTree = "<group>"; };
		BEABD0E21335B2F10009CA1F /* SBJsonWriter.h */ = {isa = PBXFileReference; fileEncoding = 4; lastKnownFileType = sourcecode.c.h; path = SBJsonWriter.h; sourceTree = "<group>"; };
		BEABD0E31335B2F10009CA1F /* SBJsonWriter.m */ = {isa = PBXFileReference; fileEncoding = 4; lastKnownFileType = sourcecode.c.objc; path = SBJsonWriter.m; sourceTree = "<group>"; };
		BEABD0E91335B3880009CA1F /* Standings.h */ = {isa = PBXFileReference; fileEncoding = 4; lastKnownFileType = sourcecode.c.h; path = Standings.h; sourceTree = "<group>"; };
		BEABD0EA1335B3880009CA1F /* Standings.m */ = {isa = PBXFileReference; fileEncoding = 4; lastKnownFileType = sourcecode.c.objc; path = Standings.m; sourceTree = "<group>"; };
		BEBE147613468CF900258DFE /* GamesViewController.h */ = {isa = PBXFileReference; fileEncoding = 4; lastKnownFileType = sourcecode.c.h; path = GamesViewController.h; sourceTree = "<group>"; };
		BEBE147713468CF900258DFE /* GamesViewController.m */ = {isa = PBXFileReference; fileEncoding = 4; lastKnownFileType = sourcecode.c.objc; path = GamesViewController.m; sourceTree = "<group>"; };
		BEBE147813468CF900258DFE /* GamesView.xib */ = {isa = PBXFileReference; lastKnownFileType = file.xib; name = GamesView.xib; path = Classes/GamesView.xib; sourceTree = "<group>"; };
		BEBE148913468E1700258DFE /* FieldsViewController.h */ = {isa = PBXFileReference; fileEncoding = 4; lastKnownFileType = sourcecode.c.h; path = FieldsViewController.h; sourceTree = "<group>"; };
		BEBE148A13468E1700258DFE /* FieldsViewController.m */ = {isa = PBXFileReference; fileEncoding = 4; lastKnownFileType = sourcecode.c.objc; path = FieldsViewController.m; sourceTree = "<group>"; };
		BEBE148B13468E1700258DFE /* FieldsView.xib */ = {isa = PBXFileReference; lastKnownFileType = file.xib; name = FieldsView.xib; path = Classes/FieldsView.xib; sourceTree = "<group>"; };
		BEBE14971346900400258DFE /* AboutViewController.h */ = {isa = PBXFileReference; fileEncoding = 4; lastKnownFileType = sourcecode.c.h; path = AboutViewController.h; sourceTree = "<group>"; };
		BEBE14981346900400258DFE /* AboutViewController.m */ = {isa = PBXFileReference; fileEncoding = 4; lastKnownFileType = sourcecode.c.objc; path = AboutViewController.m; sourceTree = "<group>"; };
		BEBE14991346900400258DFE /* AboutView.xib */ = {isa = PBXFileReference; lastKnownFileType = file.xib; name = AboutView.xib; path = Classes/AboutView.xib; sourceTree = "<group>"; };
		BEC87909134EA91B005B5EB7 /* GamesAwayName.h */ = {isa = PBXFileReference; fileEncoding = 4; lastKnownFileType = sourcecode.c.h; path = GamesAwayName.h; sourceTree = "<group>"; };
		BEC8790A134EA91B005B5EB7 /* GamesAwayName.m */ = {isa = PBXFileReference; fileEncoding = 4; lastKnownFileType = sourcecode.c.objc; path = GamesAwayName.m; sourceTree = "<group>"; };
		BEDDC8EF1347E15000B00EA3 /* AboutRulesViewController.h */ = {isa = PBXFileReference; fileEncoding = 4; lastKnownFileType = sourcecode.c.h; path = AboutRulesViewController.h; sourceTree = "<group>"; };
		BEDDC8F01347E15000B00EA3 /* AboutRulesViewController.m */ = {isa = PBXFileReference; fileEncoding = 4; lastKnownFileType = sourcecode.c.objc; path = AboutRulesViewController.m; sourceTree = "<group>"; };
		BEDDC8F11347E15000B00EA3 /* AboutRulesView.xib */ = {isa = PBXFileReference; lastKnownFileType = file.xib; name = AboutRulesView.xib; path = Classes/AboutRulesView.xib; sourceTree = "<group>"; };
		BEDDC9861347EC5B00B00EA3 /* AboutContactViewController.h */ = {isa = PBXFileReference; fileEncoding = 4; lastKnownFileType = sourcecode.c.h; path = AboutContactViewController.h; sourceTree = "<group>"; };
		BEDDC9871347EC5B00B00EA3 /* AboutContactViewController.m */ = {isa = PBXFileReference; fileEncoding = 4; lastKnownFileType = sourcecode.c.objc; path = AboutContactViewController.m; sourceTree = "<group>"; };
		BEDDC9881347EC5B00B00EA3 /* AboutContactView.xib */ = {isa = PBXFileReference; lastKnownFileType = file.xib; name = AboutContactView.xib; path = Classes/AboutContactView.xib; sourceTree = "<group>"; };
		BEDDCBDC1348275E00B00EA3 /* brianDudley.png */ = {isa = PBXFileReference; lastKnownFileType = image.png; path = brianDudley.png; sourceTree = "<group>"; };
		BEDDCBDD1348275E00B00EA3 /* robertThomas.png */ = {isa = PBXFileReference; lastKnownFileType = image.png; path = robertThomas.png; sourceTree = "<group>"; };
		BEDDCBDE1348275E00B00EA3 /* philDudley.png */ = {isa = PBXFileReference; lastKnownFileType = image.png; path = philDudley.png; sourceTree = "<group>"; };
		BEDDCBDF1348275E00B00EA3 /* karenDudley.png */ = {isa = PBXFileReference; lastKnownFileType = image.png; path = karenDudley.png; sourceTree = "<group>"; };
		BEE866EF1349AFCD0019B0C7 /* OverlayViewController.h */ = {isa = PBXFileReference; fileEncoding = 4; lastKnownFileType = sourcecode.c.h; path = OverlayViewController.h; sourceTree = "<group>"; };
		BEE866F01349AFCD0019B0C7 /* OverlayViewController.m */ = {isa = PBXFileReference; fileEncoding = 4; lastKnownFileType = sourcecode.c.objc; path = OverlayViewController.m; sourceTree = "<group>"; };
		BEE866F11349AFCD0019B0C7 /* OverlayView.xib */ = {isa = PBXFileReference; lastKnownFileType = file.xib; name = OverlayView.xib; path = Classes/OverlayView.xib; sourceTree = "<group>"; };
		BEEC238F1348D808001669CC /* AboutContactDetailViewController.h */ = {isa = PBXFileReference; fileEncoding = 4; lastKnownFileType = sourcecode.c.h; path = AboutContactDetailViewController.h; sourceTree = "<group>"; };
		BEEC23901348D808001669CC /* AboutContactDetailViewController.m */ = {isa = PBXFileReference; fileEncoding = 4; lastKnownFileType = sourcecode.c.objc; path = AboutContactDetailViewController.m; sourceTree = "<group>"; };
		BEEC23911348D808001669CC /* AboutContactDetailView.xib */ = {isa = PBXFileReference; lastKnownFileType = file.xib; name = AboutContactDetailView.xib; path = Classes/AboutContactDetailView.xib; sourceTree = "<group>"; };
		BEEC240B1348DE94001669CC /* karenDudleyLarge.png */ = {isa = PBXFileReference; lastKnownFileType = image.png; path = karenDudleyLarge.png; sourceTree = "<group>"; };
		BEEC240C1348DE94001669CC /* robertThomasLarge.png */ = {isa = PBXFileReference; lastKnownFileType = image.png; path = robertThomasLarge.png; sourceTree = "<group>"; };
		BEEC240D1348DE94001669CC /* brianDudleyLarge.png */ = {isa = PBXFileReference; lastKnownFileType = image.png; path = brianDudleyLarge.png; sourceTree = "<group>"; };
		BEEC240E1348DE94001669CC /* philDudleyLarge.png */ = {isa = PBXFileReference; lastKnownFileType = image.png; path = philDudleyLarge.png; sourceTree = "<group>"; };
/* End PBXFileReference section */

/* Begin PBXFrameworksBuildPhase section */
		1D60588F0D05DD3D006BFB54 /* Frameworks */ = {
			isa = PBXFrameworksBuildPhase;
			buildActionMask = 2147483647;
			files = (
				1D60589F0D05DD5A006BFB54 /* Foundation.framework in Frameworks */,
				1DF5F4E00D08C38300B7A737 /* UIKit.framework in Frameworks */,
				288765080DF74369002DB57D /* CoreGraphics.framework in Frameworks */,
			);
			runOnlyForDeploymentPostprocessing = 0;
		};
/* End PBXFrameworksBuildPhase section */

/* Begin PBXGroup section */
		080E96DDFE201D6D7F000001 /* Classes */ = {
			isa = PBXGroup;
			children = (
				BEDDCAB7134807A600B00EA3 /* JSON */,
				BEDDCAD1134807EB00B00EA3 /* About */,
				BEDDCAD0134807E200B00EA3 /* Fields */,
				BEDDCACF134807D800B00EA3 /* Games */,
				BEDDCAD31348080200B00EA3 /* Home */,
				BEDDCAC8134807C200B00EA3 /* Standings */,
				BEDDCAD2134807F700B00EA3 /* Teams */,
				1D3623240D0F684500981E51 /* TournamentSchedulerAppDelegate.h */,
				1D3623250D0F684500981E51 /* TournamentSchedulerAppDelegate.m */,
			);
			path = Classes;
			sourceTree = "<group>";
		};
		19C28FACFE9D520D11CA2CBB /* Products */ = {
			isa = PBXGroup;
			children = (
				1D6058910D05DD3D006BFB54 /* TournamentScheduler.app */,
			);
			name = Products;
			sourceTree = "<group>";
		};
		29B97314FDCFA39411CA2CEA /* TournamentScheduler */ = {
			isa = PBXGroup;
			children = (
				080E96DDFE201D6D7F000001 /* Classes */,
				29B97315FDCFA39411CA2CEA /* Other Sources */,
				29B97317FDCFA39411CA2CEA /* Resources */,
				29B97323FDCFA39411CA2CEA /* Frameworks */,
				19C28FACFE9D520D11CA2CBB /* Products */,
			);
			name = TournamentScheduler;
			sourceTree = "<group>";
		};
		29B97315FDCFA39411CA2CEA /* Other Sources */ = {
			isa = PBXGroup;
			children = (
				BE18EF91134A516C00BFB985 /* Fields */,
				28A0AB4B0D9B1048005BE974 /* TournamentScheduler_Prefix.pch */,
				29B97316FDCFA39411CA2CEA /* main.m */,
				BE18EF7D134A4CF500BFB985 /* Games */,
				BEDDCB0113480A2200B00EA3 /* Standings */,
				BE81C8501349776A00CF8784 /* Teams */,
			);
			name = "Other Sources";
			sourceTree = "<group>";
		};
		29B97317FDCFA39411CA2CEA /* Resources */ = {
			isa = PBXGroup;
			children = (
				BEEC23941348D81D001669CC /* About */,
				BE81C84E1349771800CF8784 /* Fields */,
				BE81C84D1349770E00CF8784 /* Games */,
				BE81C84F1349772400CF8784 /* Home */,
				BE81C845134976E500CF8784 /* Standings */,
				BE81C84C1349770600CF8784 /* Teams */,
				BEE7C69D1336BE770062373D /* tab-bar */,
				28AD73870D9D96C1002E5188 /* MainWindow.xib */,
				8D1107310486CEB800E47090 /* TournamentScheduler-Info.plist */,
			);
			name = Resources;
			sourceTree = "<group>";
		};
		29B97323FDCFA39411CA2CEA /* Frameworks */ = {
			isa = PBXGroup;
			children = (
				1DF5F4DF0D08C38300B7A737 /* UIKit.framework */,
				1D30AB110D05D00D00671497 /* Foundation.framework */,
				288765070DF74369002DB57D /* CoreGraphics.framework */,
			);
			name = Frameworks;
			sourceTree = "<group>";
		};
		BE18EF7D134A4CF500BFB985 /* Games */ = {
			isa = PBXGroup;
			children = (
				BE18EF7E134A4D1000BFB985 /* Games.h */,
				BE18EF7F134A4D1000BFB985 /* Games.m */,
				BE676E87134BFE7000FBA68A /* GamesDivisions.h */,
				BE676E88134BFE7000FBA68A /* GamesDivisions.m */,
				BE4D64BF134E0117003FCA60 /* GamesHomeName.h */,
				BE4D64C0134E0117003FCA60 /* GamesHomeName.m */,
				BEC87909134EA91B005B5EB7 /* GamesAwayName.h */,
				BEC8790A134EA91B005B5EB7 /* GamesAwayName.m */,
			);
			name = Games;
			sourceTree = "<group>";
		};
		BE18EF91134A516C00BFB985 /* Fields */ = {
			isa = PBXGroup;
			children = (
				BE18EF92134A517300BFB985 /* Fields.h */,
				BE18EF93134A517300BFB985 /* Fields.m */,
			);
			name = Fields;
			sourceTree = "<group>";
		};
		BE81C845134976E500CF8784 /* Standings */ = {
			isa = PBXGroup;
			children = (
				BE15C0A513366F7100B2170C /* StandingsDivisionView.xib */,
				BEABD0761335A73C0009CA1F /* StandingsView.xib */,
				BE1B711C1338170E006F64A1 /* StandingsTableView.xib */,
			);
			name = Standings;
			sourceTree = "<group>";
		};
		BE81C84C1349770600CF8784 /* Teams */ = {
			isa = PBXGroup;
			children = (
				282CCBFD0DB6C98000C4EA27 /* TeamsView.xib */,
				BE81C89113497BC400CF8784 /* TeamsDivisionView.xib */,
				BE6071AA134A85A20037AC10 /* TeamsSpecificView.xib */,
				BEE866F11349AFCD0019B0C7 /* OverlayView.xib */,
			);
			name = Teams;
			sourceTree = "<group>";
		};
		BE81C84D1349770E00CF8784 /* Games */ = {
			isa = PBXGroup;
			children = (
				BE676E55134BFBDE00FBA68A /* GamesDivisionView.xib */,
				BEBE147813468CF900258DFE /* GamesView.xib */,
			);
			name = Games;
			sourceTree = "<group>";
		};
		BE81C84E1349771800CF8784 /* Fields */ = {
			isa = PBXGroup;
			children = (
				BEBE148B13468E1700258DFE /* FieldsView.xib */,
			);
			name = Fields;
			sourceTree = "<group>";
		};
		BE81C84F1349772400CF8784 /* Home */ = {
			isa = PBXGroup;
			children = (
				2840D7CD1179279E00D7F93C /* HomeView.xib */,
			);
			name = Home;
			sourceTree = "<group>";
		};
		BE81C8501349776A00CF8784 /* Teams */ = {
			isa = PBXGroup;
			children = (
				BE81C8511349778200CF8784 /* Teams.h */,
				BE81C8521349778200CF8784 /* Teams.m */,
				BE81C8C513497F6100CF8784 /* TeamsDivision.h */,
				BE81C8C613497F6100CF8784 /* TeamsDivision.m */,
				BE607285134AA8410037AC10 /* TeamsSpecific.h */,
				BE607286134AA8410037AC10 /* TeamsSpecific.m */,
			);
			name = Teams;
			sourceTree = "<group>";
		};
		BEDDCAB7134807A600B00EA3 /* JSON */ = {
			isa = PBXGroup;
			children = (
				BEABD0DE1335B2F10009CA1F /* SBJsonBase.h */,
				BEABD0DF1335B2F10009CA1F /* SBJsonBase.m */,
				BEABD0E01335B2F10009CA1F /* SBJsonParser.h */,
				BEABD0E11335B2F10009CA1F /* SBJsonParser.m */,
				BEABD0E21335B2F10009CA1F /* SBJsonWriter.h */,
				BEABD0E31335B2F10009CA1F /* SBJsonWriter.m */,
				BEABD0D91335B2F10009CA1F /* JSON.h */,
				BEABD0DA1335B2F10009CA1F /* NSObject+SBJSON.h */,
				BEABD0DB1335B2F10009CA1F /* NSObject+SBJSON.m */,
				BEABD0DC1335B2F10009CA1F /* NSString+SBJSON.h */,
				BEABD0DD1335B2F10009CA1F /* NSString+SBJSON.m */,
			);
			name = JSON;
			sourceTree = "<group>";
		};
		BEDDCAC8134807C200B00EA3 /* Standings */ = {
			isa = PBXGroup;
			children = (
				BEABD0741335A73C0009CA1F /* StandingsViewController.h */,
				BEABD0751335A73C0009CA1F /* StandingsViewController.m */,
				BE15C0A313366F7100B2170C /* StandingsDivisionViewController.h */,
				BE15C0A413366F7100B2170C /* StandingsDivisionViewController.m */,
			);
			name = Standings;
			sourceTree = "<group>";
		};
		BEDDCACF134807D800B00EA3 /* Games */ = {
			isa = PBXGroup;
			children = (
				BEBE147613468CF900258DFE /* GamesViewController.h */,
				BEBE147713468CF900258DFE /* GamesViewController.m */,
				BE676E53134BFBDE00FBA68A /* GamesDivisionViewController.h */,
				BE676E54134BFBDE00FBA68A /* GamesDivisionViewController.m */,
			);
			name = Games;
			sourceTree = "<group>";
		};
		BEDDCAD0134807E200B00EA3 /* Fields */ = {
			isa = PBXGroup;
			children = (
				BEBE148913468E1700258DFE /* FieldsViewController.h */,
				BEBE148A13468E1700258DFE /* FieldsViewController.m */,
			);
			name = Fields;
			sourceTree = "<group>";
		};
		BEDDCAD1134807EB00B00EA3 /* About */ = {
			isa = PBXGroup;
			children = (
				BEBE14971346900400258DFE /* AboutViewController.h */,
				BEBE14981346900400258DFE /* AboutViewController.m */,
				BEDDC8EF1347E15000B00EA3 /* AboutRulesViewController.h */,
				BEDDC8F01347E15000B00EA3 /* AboutRulesViewController.m */,
				BEDDC9861347EC5B00B00EA3 /* AboutContactViewController.h */,
				BEDDC9871347EC5B00B00EA3 /* AboutContactViewController.m */,
				BEEC238F1348D808001669CC /* AboutContactDetailViewController.h */,
				BEEC23901348D808001669CC /* AboutContactDetailViewController.m */,
			);
			name = About;
			sourceTree = "<group>";
		};
		BEDDCAD2134807F700B00EA3 /* Teams */ = {
			isa = PBXGroup;
			children = (
				BEABD06C1335A5C60009CA1F /* TeamsViewController.h */,
				BEABD06D1335A5C60009CA1F /* TeamsViewController.m */,
				BE81C88F13497BC400CF8784 /* TeamsDivisionViewController.h */,
				BE81C89013497BC400CF8784 /* TeamsDivisionViewController.m */,
				BEE866EF1349AFCD0019B0C7 /* OverlayViewController.h */,
				BEE866F01349AFCD0019B0C7 /* OverlayViewController.m */,
				BE6071A8134A85A20037AC10 /* TeamsSpecificViewController.h */,
				BE6071A9134A85A20037AC10 /* TeamsSpecificViewController.m */,
			);
			name = Teams;
			sourceTree = "<group>";
		};
		BEDDCAD31348080200B00EA3 /* Home */ = {
			isa = PBXGroup;
			children = (
				28216C950DB411BC00E5133A /* HomeViewController.h */,
				28216C960DB411BC00E5133A /* HomeViewController.m */,
			);
			name = Home;
			sourceTree = "<group>";
		};
		BEDDCB0113480A2200B00EA3 /* Standings */ = {
			isa = PBXGroup;
			children = (
				BEABD0E91335B3880009CA1F /* Standings.h */,
				BEABD0EA1335B3880009CA1F /* Standings.m */,
				BE906B171337DA3700523831 /* StandingsDivision.h */,
				BE906B181337DA3700523831 /* StandingsDivision.m */,
			);
			name = Standings;
			sourceTree = "<group>";
		};
		BEDDCBDB1348274600B00EA3 /* contacts */ = {
			isa = PBXGroup;
			children = (
				BEEC240B1348DE94001669CC /* karenDudleyLarge.png */,
				BEEC240C1348DE94001669CC /* robertThomasLarge.png */,
				BEEC240D1348DE94001669CC /* brianDudleyLarge.png */,
				BEEC240E1348DE94001669CC /* philDudleyLarge.png */,
				BEDDCBDC1348275E00B00EA3 /* brianDudley.png */,
				BEDDCBDD1348275E00B00EA3 /* robertThomas.png */,
				BEDDCBDE1348275E00B00EA3 /* philDudley.png */,
				BEDDCBDF1348275E00B00EA3 /* karenDudley.png */,
			);
			name = contacts;
			sourceTree = "<group>";
		};
		BEE7C69D1336BE770062373D /* tab-bar */ = {
			isa = PBXGroup;
			children = (
				BE64D49B13466B4D009C9073 /* masc4.png */,
				BE64D49C13466B4D009C9073 /* masc5.png */,
				BE3EA73C13479ADF0075A2E5 /* masc-logo.png */,
				BE64D495134668C5009C9073 /* MASC3.png */,
				BE64D496134668C5009C9073 /* MASC2.png */,
				BE64D491134667BE009C9073 /* MASC.png */,
				BE49DD9913464108009CDA15 /* standings4.png */,
				BE49DD9113463F57009CDA15 /* standings1.png */,
				BE49DD9713464050009CDA15 /* home.png */,
				BE49DD9213463F57009CDA15 /* stadings2.png */,
				BE49DD9313463F57009CDA15 /* standings3.png */,
				BE49DD8D13463F51009CDA15 /* flag1.png */,
				BE49DD8E13463F51009CDA15 /* flag2.png */,
				BE49DD8113463F4B009CDA15 /* fields2.png */,
				BE49DD8213463F4B009CDA15 /* fields4.png */,
				BE49DD8313463F4B009CDA15 /* fields1.png */,
				BE49DD8413463F4B009CDA15 /* fields3.png */,
				BE49DD8513463F4B009CDA15 /* fields5.png */,
				BE49DD8613463F4B009CDA15 /* fields6.png */,
				BE49DD7B13463F45009CDA15 /* games1.png */,
				BE49DD7C13463F45009CDA15 /* games2.png */,
				BE49DD7D13463F45009CDA15 /* games3.png */,
				BE49DD7513463F15009CDA15 /* teams3.png */,
				BE49DD7613463F15009CDA15 /* teams2.png */,
				BE49DD7713463F15009CDA15 /* teams1.png */,
			);
			name = "tab-bar";
			sourceTree = "<group>";
		};
		BEEC23941348D81D001669CC /* About */ = {
			isa = PBXGroup;
			children = (
				BEDDCBDB1348274600B00EA3 /* contacts */,
				BEBE14991346900400258DFE /* AboutView.xib */,
				BEEC23911348D808001669CC /* AboutContactDetailView.xib */,
				BEDDC8F11347E15000B00EA3 /* AboutRulesView.xib */,
				BEDDC9881347EC5B00B00EA3 /* AboutContactView.xib */,
			);
			name = About;
			sourceTree = "<group>";
		};
/* End PBXGroup section */

/* Begin PBXNativeTarget section */
		1D6058900D05DD3D006BFB54 /* TournamentScheduler */ = {
			isa = PBXNativeTarget;
			buildConfigurationList = 1D6058960D05DD3E006BFB54 /* Build configuration list for PBXNativeTarget "TournamentScheduler" */;
			buildPhases = (
				1D60588D0D05DD3D006BFB54 /* Resources */,
				1D60588E0D05DD3D006BFB54 /* Sources */,
				1D60588F0D05DD3D006BFB54 /* Frameworks */,
			);
			buildRules = (
			);
			dependencies = (
			);
			name = TournamentScheduler;
			productName = TournamentScheduler;
			productReference = 1D6058910D05DD3D006BFB54 /* TournamentScheduler.app */;
			productType = "com.apple.product-type.application";
		};
/* End PBXNativeTarget section */

/* Begin PBXProject section */
		29B97313FDCFA39411CA2CEA /* Project object */ = {
			isa = PBXProject;
			buildConfigurationList = C01FCF4E08A954540054247B /* Build configuration list for PBXProject "TournamentScheduler" */;
			compatibilityVersion = "Xcode 3.1";
			developmentRegion = English;
			hasScannedForEncodings = 1;
			knownRegions = (
				English,
				Japanese,
				French,
				German,
			);
			mainGroup = 29B97314FDCFA39411CA2CEA /* TournamentScheduler */;
			projectDirPath = "";
			projectRoot = "";
			targets = (
				1D6058900D05DD3D006BFB54 /* TournamentScheduler */,
			);
		};
/* End PBXProject section */

/* Begin PBXResourcesBuildPhase section */
		1D60588D0D05DD3D006BFB54 /* Resources */ = {
			isa = PBXResourcesBuildPhase;
			buildActionMask = 2147483647;
			files = (
				28AD73880D9D96C1002E5188 /* MainWindow.xib in Resources */,
				282CCBFE0DB6C98000C4EA27 /* TeamsView.xib in Resources */,
				2840D7CE1179279E00D7F93C /* HomeView.xib in Resources */,
				BEABD0781335A73C0009CA1F /* StandingsView.xib in Resources */,
				BE15C0A713366F7100B2170C /* StandingsDivisionView.xib in Resources */,
				BE1B711D1338170E006F64A1 /* StandingsTableView.xib in Resources */,
				BE49DD7813463F15009CDA15 /* teams3.png in Resources */,
				BE49DD7913463F15009CDA15 /* teams2.png in Resources */,
				BE49DD7A13463F15009CDA15 /* teams1.png in Resources */,
				BE49DD7E13463F45009CDA15 /* games1.png in Resources */,
				BE49DD7F13463F45009CDA15 /* games2.png in Resources */,
				BE49DD8013463F45009CDA15 /* games3.png in Resources */,
				BE49DD8713463F4B009CDA15 /* fields2.png in Resources */,
				BE49DD8813463F4B009CDA15 /* fields4.png in Resources */,
				BE49DD8913463F4B009CDA15 /* fields1.png in Resources */,
				BE49DD8A13463F4B009CDA15 /* fields3.png in Resources */,
				BE49DD8B13463F4B009CDA15 /* fields5.png in Resources */,
				BE49DD8C13463F4B009CDA15 /* fields6.png in Resources */,
				BE49DD8F13463F51009CDA15 /* flag1.png in Resources */,
				BE49DD9013463F51009CDA15 /* flag2.png in Resources */,
				BE49DD9413463F57009CDA15 /* standings1.png in Resources */,
				BE49DD9513463F57009CDA15 /* stadings2.png in Resources */,
				BE49DD9613463F57009CDA15 /* standings3.png in Resources */,
				BE49DD9813464050009CDA15 /* home.png in Resources */,
				BE49DD9A13464108009CDA15 /* standings4.png in Resources */,
				BE64D492134667BE009C9073 /* MASC.png in Resources */,
				BE64D497134668C5009C9073 /* MASC3.png in Resources */,
				BE64D498134668C5009C9073 /* MASC2.png in Resources */,
				BE64D49D13466B4D009C9073 /* masc4.png in Resources */,
				BE64D49E13466B4D009C9073 /* masc5.png in Resources */,
				BEBE147A13468CF900258DFE /* GamesView.xib in Resources */,
				BEBE148D13468E1700258DFE /* FieldsView.xib in Resources */,
				BEBE149B1346900400258DFE /* AboutView.xib in Resources */,
				BE3EA73D13479ADF0075A2E5 /* masc-logo.png in Resources */,
				BEDDC8F31347E15000B00EA3 /* AboutRulesView.xib in Resources */,
				BEDDC98A1347EC5B00B00EA3 /* AboutContactView.xib in Resources */,
				BEDDCBE01348275E00B00EA3 /* brianDudley.png in Resources */,
				BEDDCBE11348275E00B00EA3 /* robertThomas.png in Resources */,
				BEDDCBE21348275E00B00EA3 /* philDudley.png in Resources */,
				BEDDCBE31348275E00B00EA3 /* karenDudley.png in Resources */,
				BEEC23931348D808001669CC /* AboutContactDetailView.xib in Resources */,
				BEEC240F1348DE94001669CC /* karenDudleyLarge.png in Resources */,
				BEEC24101348DE94001669CC /* robertThomasLarge.png in Resources */,
				BEEC24111348DE94001669CC /* brianDudleyLarge.png in Resources */,
				BEEC24121348DE94001669CC /* philDudleyLarge.png in Resources */,
				BE81C89313497BC400CF8784 /* TeamsDivisionView.xib in Resources */,
				BEE866F31349AFCD0019B0C7 /* OverlayView.xib in Resources */,
				BE6071AC134A85A20037AC10 /* TeamsSpecificView.xib in Resources */,
				BE676E57134BFBDE00FBA68A /* GamesDivisionView.xib in Resources */,
			);
			runOnlyForDeploymentPostprocessing = 0;
		};
/* End PBXResourcesBuildPhase section */

/* Begin PBXSourcesBuildPhase section */
		1D60588E0D05DD3D006BFB54 /* Sources */ = {
			isa = PBXSourcesBuildPhase;
			buildActionMask = 2147483647;
			files = (
				1D60589B0D05DD56006BFB54 /* main.m in Sources */,
				1D3623260D0F684500981E51 /* TournamentSchedulerAppDelegate.m in Sources */,
				28216C970DB411BC00E5133A /* HomeViewController.m in Sources */,
				BEABD06E1335A5C60009CA1F /* TeamsViewController.m in Sources */,
				BEABD0771335A73C0009CA1F /* StandingsViewController.m in Sources */,
				BEABD0E41335B2F10009CA1F /* NSObject+SBJSON.m in Sources */,
				BEABD0E51335B2F10009CA1F /* NSString+SBJSON.m in Sources */,
				BEABD0E61335B2F10009CA1F /* SBJsonBase.m in Sources */,
				BEABD0E71335B2F10009CA1F /* SBJsonParser.m in Sources */,
				BEABD0E81335B2F10009CA1F /* SBJsonWriter.m in Sources */,
				BEABD0EB1335B3880009CA1F /* Standings.m in Sources */,
				BE15C0A613366F7100B2170C /* StandingsDivisionViewController.m in Sources */,
				BE906B191337DA3700523831 /* StandingsDivision.m in Sources */,
				BEBE147913468CF900258DFE /* GamesViewController.m in Sources */,
				BEBE148C13468E1700258DFE /* FieldsViewController.m in Sources */,
				BEBE149A1346900400258DFE /* AboutViewController.m in Sources */,
				BEDDC8F21347E15000B00EA3 /* AboutRulesViewController.m in Sources */,
				BEDDC9891347EC5B00B00EA3 /* AboutContactViewController.m in Sources */,
				BEEC23921348D808001669CC /* AboutContactDetailViewController.m in Sources */,
				BE81C8531349778200CF8784 /* Teams.m in Sources */,
				BE81C89213497BC400CF8784 /* TeamsDivisionViewController.m in Sources */,
				BE81C8C713497F6100CF8784 /* TeamsDivision.m in Sources */,
				BEE866F21349AFCD0019B0C7 /* OverlayViewController.m in Sources */,
				BE18EF80134A4D1000BFB985 /* Games.m in Sources */,
				BE18EF94134A517300BFB985 /* Fields.m in Sources */,
				BE6071AB134A85A20037AC10 /* TeamsSpecificViewController.m in Sources */,
				BE607287134AA8410037AC10 /* TeamsSpecific.m in Sources */,
				BE676E56134BFBDE00FBA68A /* GamesDivisionViewController.m in Sources */,
				BE676E89134BFE7000FBA68A /* GamesDivisions.m in Sources */,
				BE4D64C1134E0117003FCA60 /* GamesHomeName.m in Sources */,
				BEC8790B134EA91B005B5EB7 /* GamesAwayName.m in Sources */,
			);
			runOnlyForDeploymentPostprocessing = 0;
		};
/* End PBXSourcesBuildPhase section */

/* Begin XCBuildConfiguration section */
		1D6058940D05DD3E006BFB54 /* Debug */ = {
			isa = XCBuildConfiguration;
			buildSettings = {
				ALWAYS_SEARCH_USER_PATHS = NO;
				COPY_PHASE_STRIP = NO;
				GCC_DYNAMIC_NO_PIC = NO;
				GCC_OPTIMIZATION_LEVEL = 0;
				GCC_PRECOMPILE_PREFIX_HEADER = YES;
				GCC_PREFIX_HEADER = TournamentScheduler_Prefix.pch;
				INFOPLIST_FILE = "TournamentScheduler-Info.plist";
				PRODUCT_NAME = TournamentScheduler;
			};
			name = Debug;
		};
		1D6058950D05DD3E006BFB54 /* Release */ = {
			isa = XCBuildConfiguration;
			buildSettings = {
				ALWAYS_SEARCH_USER_PATHS = NO;
				COPY_PHASE_STRIP = YES;
				GCC_PRECOMPILE_PREFIX_HEADER = YES;
				GCC_PREFIX_HEADER = TournamentScheduler_Prefix.pch;
				INFOPLIST_FILE = "TournamentScheduler-Info.plist";
				PRODUCT_NAME = TournamentScheduler;
				VALIDATE_PRODUCT = YES;
			};
			name = Release;
		};
		C01FCF4F08A954540054247B /* Debug */ = {
			isa = XCBuildConfiguration;
			buildSettings = {
				ARCHS = "$(ARCHS_STANDARD_32_BIT)";
				"CODE_SIGN_IDENTITY[sdk=iphoneos*]" = "iPhone Developer";
				GCC_C_LANGUAGE_STANDARD = c99;
				GCC_WARN_ABOUT_RETURN_TYPE = YES;
				GCC_WARN_UNUSED_VARIABLE = YES;
				PREBINDING = NO;
				SDKROOT = iphoneos;
			};
			name = Debug;
		};
		C01FCF5008A954540054247B /* Release */ = {
			isa = XCBuildConfiguration;
			buildSettings = {
				ARCHS = "$(ARCHS_STANDARD_32_BIT)";
				"CODE_SIGN_IDENTITY[sdk=iphoneos*]" = "iPhone Developer";
				GCC_C_LANGUAGE_STANDARD = c99;
				GCC_WARN_ABOUT_RETURN_TYPE = YES;
				GCC_WARN_UNUSED_VARIABLE = YES;
				OTHER_CFLAGS = "-DNS_BLOCK_ASSERTIONS=1";
				PREBINDING = NO;
				SDKROOT = iphoneos;
			};
			name = Release;
		};
/* End XCBuildConfiguration section */

/* Begin XCConfigurationList section */
		1D6058960D05DD3E006BFB54 /* Build configuration list for PBXNativeTarget "TournamentScheduler" */ = {
			isa = XCConfigurationList;
			buildConfigurations = (
				1D6058940D05DD3E006BFB54 /* Debug */,
				1D6058950D05DD3E006BFB54 /* Release */,
			);
			defaultConfigurationIsVisible = 0;
			defaultConfigurationName = Release;
		};
		C01FCF4E08A954540054247B /* Build configuration list for PBXProject "TournamentScheduler" */ = {
			isa = XCConfigurationList;
			buildConfigurations = (
				C01FCF4F08A954540054247B /* Debug */,
				C01FCF5008A954540054247B /* Release */,
			);
			defaultConfigurationIsVisible = 0;
			defaultConfigurationName = Release;
		};
/* End XCConfigurationList section */
	};
	rootObject = 29B97313FDCFA39411CA2CEA /* Project object */;
}
